
Microsoft Visual Studio Solution File, Format Version 12.00
# Visual Studio 15
VisualStudioVersion = 15.0.27004.2010
MinimumVisualStudioVersion = 10.0.40219.1
Project("{FAE04EC0-301F-11D3-BF4B-00C04F79EFBC}") = "BilletSystem", "BilletSystem\BilletSystem.csproj", "{A5D67B5D-A7BC-426C-BF9A-45EEE4A15712}"
EndProject
Project("{FAE04EC0-301F-11D3-BF4B-00C04F79EFBC}") = "BilletSystemTests", "BilletSystemTests\BilletSystemTests.csproj", "{D15EFFFF-C4AB-40FB-8EAD-02E421BC4514}"
EndProject
Global
	GlobalSection(SolutionConfigurationPlatforms) = preSolution
		Debug|Any CPU = Debug|Any CPU
		Release|Any CPU = Release|Any CPU
	EndGlobalSection
	GlobalSection(ProjectConfigurationPlatforms) = postSolution
		{A5D67B5D-A7BC-426C-BF9A-45EEE4A15712}.Debug|Any CPU.ActiveCfg = Debug|Any CPU
		{A5D67B5D-A7BC-426C-BF9A-45EEE4A15712}.Debug|Any CPU.Build.0 = Debug|Any CPU
		{A5D67B5D-A7BC-426C-BF9A-45EEE4A15712}.Release|Any CPU.ActiveCfg = Release|Any CPU
		{A5D67B5D-A7BC-426C-BF9A-45EEE4A15712}.Release|Any CPU.Build.0 = Release|Any CPU
		{D15EFFFF-C4AB-40FB-8EAD-02E421BC4514}.Debug|Any CPU.ActiveCfg = Debug|Any CPU
		{D15EFFFF-C4AB-40FB-8EAD-02E421BC4514}.Debug|Any CPU.Build.0 = Debug|Any CPU
		{D15EFFFF-C4AB-40FB-8EAD-02E421BC4514}.Release|Any CPU.ActiveCfg = Release|Any CPU
		{D15EFFFF-C4AB-40FB-8EAD-02E421BC4514}.Release|Any CPU.Build.0 = Release|Any CPU
	EndGlobalSection
	GlobalSection(SolutionProperties) = preSolution
		HideSolutionNode = FALSE
	EndGlobalSection
	GlobalSection(ExtensibilityGlobals) = postSolution
		SolutionGuid = {B63325ED-B7E5-4453-8EC2-C587EDBC48A6}
	EndGlobalSection
EndGlobal
